
Microsoft Visual Studio Solution File, Format Version 12.00
# Visual Studio Version 17
VisualStudioVersion = 17.14.37314.3 d17.14
MinimumVisualStudioVersion = 10.0.40219.1
Project("{FAE04EC0-301F-11D3-BF4B-00C04F79EFBC}") = "Clinical Operations", "Clinical Operations\Clinical Operations.csproj", "{C1EE93E5-3B44-430E-8293-A29CF2C0092A}"
EndProject
Global
	GlobalSection(SolutionConfigurationPlatforms) = preSolution
		Debug|Any CPU = Debug|Any CPU
		Release|Any CPU = Release|Any CPU
	EndGlobalSection
	GlobalSection(ProjectConfigurationPlatforms) = postSolution
		{C1EE93E5-3B44-430E-8293-A29CF2C0092A}.Debug|Any CPU.ActiveCfg = Debug|Any CPU
		{C1EE93E5-3B44-430E-8293-A29CF2C0092A}.Debug|Any CPU.Build.0 = Debug|Any CPU
		{C1EE93E5-3B44-430E-8293-A29CF2C0092A}.Release|Any CPU.ActiveCfg = Release|Any CPU
		{C1EE93E5-3B44-430E-8293-A29CF2C0092A}.Release|Any CPU.Build.0 = Release|Any CPU
	EndGlobalSection
	GlobalSection(SolutionProperties) = preSolution
		HideSolutionNode = FALSE
	EndGlobalSection
	GlobalSection(ExtensibilityGlobals) = postSolution
		SolutionGuid = {90F52685-D9DE-452A-A2CE-CBA251CC83CD}
	EndGlobalSection
EndGlobal
