
Microsoft Visual Studio Solution File, Format Version 12.00
# Visual Studio Version 17
VisualStudioVersion = 17.14.37314.3
MinimumVisualStudioVersion = 10.0.40219.1
Project("{FAE04EC0-301F-11D3-BF4B-00C04F79EFBC}") = "CareBridge.EFCoreDemo", "CareBridge.EFCoreDemo\CareBridge.EFCoreDemo.csproj", "{42414422-229C-4F3F-BD0C-1A73CE8D15D6}"
EndProject
Project("{FAE04EC0-301F-11D3-BF4B-00C04F79EFBC}") = "CareBridge.API", "CareBridge.API\CareBridge.API.csproj", "{970A11CD-29EC-4823-AA88-0B3BC530AB6A}"
EndProject
Project("{FAE04EC0-301F-11D3-BF4B-00C04F79EFBC}") = "DepartmentEncounterDashboard", "..\DepartmentEncounterDashboard\DepartmentEncounterDashboard.csproj", "{F570F93D-3A94-443F-8DC4-F2335AF0D65B}"
EndProject
Global
	GlobalSection(SolutionConfigurationPlatforms) = preSolution
		Debug|Any CPU = Debug|Any CPU
		Release|Any CPU = Release|Any CPU
	EndGlobalSection
	GlobalSection(ProjectConfigurationPlatforms) = postSolution
		{42414422-229C-4F3F-BD0C-1A73CE8D15D6}.Debug|Any CPU.ActiveCfg = Debug|Any CPU
		{42414422-229C-4F3F-BD0C-1A73CE8D15D6}.Debug|Any CPU.Build.0 = Debug|Any CPU
		{42414422-229C-4F3F-BD0C-1A73CE8D15D6}.Release|Any CPU.ActiveCfg = Release|Any CPU
		{42414422-229C-4F3F-BD0C-1A73CE8D15D6}.Release|Any CPU.Build.0 = Release|Any CPU
		{970A11CD-29EC-4823-AA88-0B3BC530AB6A}.Debug|Any CPU.ActiveCfg = Debug|Any CPU
		{970A11CD-29EC-4823-AA88-0B3BC530AB6A}.Debug|Any CPU.Build.0 = Debug|Any CPU
		{970A11CD-29EC-4823-AA88-0B3BC530AB6A}.Release|Any CPU.ActiveCfg = Release|Any CPU
		{970A11CD-29EC-4823-AA88-0B3BC530AB6A}.Release|Any CPU.Build.0 = Release|Any CPU
		{F570F93D-3A94-443F-8DC4-F2335AF0D65B}.Debug|Any CPU.ActiveCfg = Debug|Any CPU
		{F570F93D-3A94-443F-8DC4-F2335AF0D65B}.Debug|Any CPU.Build.0 = Debug|Any CPU
		{F570F93D-3A94-443F-8DC4-F2335AF0D65B}.Release|Any CPU.ActiveCfg = Release|Any CPU
		{F570F93D-3A94-443F-8DC4-F2335AF0D65B}.Release|Any CPU.Build.0 = Release|Any CPU
	EndGlobalSection
	GlobalSection(SolutionProperties) = preSolution
		HideSolutionNode = FALSE
	EndGlobalSection
	GlobalSection(ExtensibilityGlobals) = postSolution
		SolutionGuid = {FF629540-C862-4BA8-B980-F3443C87C106}
	EndGlobalSection
EndGlobal
